// !$*UTF8*$!
{
	archiveVersion = 1;
	classes = {
	};
	objectVersion = 56;
	objects = {

/* Begin PBXBuildFile section */
		6E35643A29074EC7009C73F5 /* SwiftUIHWApp.swift in Sources */ = {isa = PBXBuildFile; fileRef = 6E35643929074EC7009C73F5 /* SwiftUIHWApp.swift */; };
		6E35643C29074EC7009C73F5 /* ContentView.swift in Sources */ = {isa = PBXBuildFile; fileRef = 6E35643B29074EC7009C73F5 /* ContentView.swift */; };
		6E35643E29074EC8009C73F5 /* Assets.xcassets in Resources */ = {isa = PBXBuildFile; fileRef = 6E35643D29074EC8009C73F5 /* Assets.xcassets */; };
		6E35644129074EC8009C73F5 /* Preview Assets.xcassets in Resources */ = {isa = PBXBuildFile; fileRef = 6E35644029074EC8009C73F5 /* Preview Assets.xcassets */; };
		6E3564492907518A009C73F5 /* HeaderText.swift in Sources */ = {isa = PBXBuildFile; fileRef = 6E3564482907518A009C73F5 /* HeaderText.swift */; };
		6E35644B290752D2009C73F5 /* View+.swift in Sources */ = {isa = PBXBuildFile; fileRef = 6E35644A290752D2009C73F5 /* View+.swift */; };
		6E35644D2907FC4A009C73F5 /* BodyText.swift in Sources */ = {isa = PBXBuildFile; fileRef = 6E35644C2907FC4A009C73F5 /* BodyText.swift */; };
		6E35645029080BBF009C73F5 /* FeedView.swift in Sources */ = {isa = PBXBuildFile; fileRef = 6E35644F29080BBF009C73F5 /* FeedView.swift */; };
		6E35645229080CF6009C73F5 /* ProfileView.swift in Sources */ = {isa = PBXBuildFile; fileRef = 6E35645129080CF6009C73F5 /* ProfileView.swift */; };
		6E35645429080DF0009C73F5 /* PlayerView.swift in Sources */ = {isa = PBXBuildFile; fileRef = 6E35645329080DF0009C73F5 /* PlayerView.swift */; };
		6E35645629080E0C009C73F5 /* VideoView.swift in Sources */ = {isa = PBXBuildFile; fileRef = 6E35645529080E0C009C73F5 /* VideoView.swift */; };
		6E35645829080E2A009C73F5 /* RecorderView.swift in Sources */ = {isa = PBXBuildFile; fileRef = 6E35645729080E2A009C73F5 /* RecorderView.swift */; };
		6E35645A29080FC8009C73F5 /* LoginView.swift in Sources */ = {isa = PBXBuildFile; fileRef = 6E35645929080FC8009C73F5 /* LoginView.swift */; };
		6E35645C29081630009C73F5 /* RoundedCornerShape.swift in Sources */ = {isa = PBXBuildFile; fileRef = 6E35645B29081630009C73F5 /* RoundedCornerShape.swift */; };
		6E356469290956BC009C73F5 /* Color+.swift in Sources */ = {isa = PBXBuildFile; fileRef = 6E356468290956BC009C73F5 /* Color+.swift */; };
		6E35646B290957FC009C73F5 /* LoginTextField.swift in Sources */ = {isa = PBXBuildFile; fileRef = 6E35646A290957FC009C73F5 /* LoginTextField.swift */; };
/* End PBXBuildFile section */

/* Begin PBXFileReference section */
		6E35643629074EC7009C73F5 /* SwiftUIHW.app */ = {isa = PBXFileReference; explicitFileType = wrapper.application; includeInIndex = 0; path = SwiftUIHW.app; sourceTree = BUILT_PRODUCTS_DIR; };
		6E35643929074EC7009C73F5 /* SwiftUIHWApp.swift */ = {isa = PBXFileReference; lastKnownFileType = sourcecode.swift; path = SwiftUIHWApp.swift; sourceTree = "<group>"; };
		6E35643B29074EC7009C73F5 /* ContentView.swift */ = {isa = PBXFileReference; lastKnownFileType = sourcecode.swift; path = ContentView.swift; sourceTree = "<group>"; };
		6E35643D29074EC8009C73F5 /* Assets.xcassets */ = {isa = PBXFileReference; lastKnownFileType = folder.assetcatalog; path = Assets.xcassets; sourceTree = "<group>"; };
		6E35644029074EC8009C73F5 /* Preview Assets.xcassets */ = {isa = PBXFileReference; lastKnownFileType = folder.assetcatalog; path = "Preview Assets.xcassets"; sourceTree = "<group>"; };
		6E3564482907518A009C73F5 /* HeaderText.swift */ = {isa = PBXFileReference; lastKnownFileType = sourcecode.swift; path = HeaderText.swift; sourceTree = "<group>"; };
		6E35644A290752D2009C73F5 /* View+.swift */ = {isa = PBXFileReference; lastKnownFileType = sourcecode.swift; path = "View+.swift"; sourceTree = "<group>"; };
		6E35644C2907FC4A009C73F5 /* BodyText.swift */ = {isa = PBXFileReference; lastKnownFileType = sourcecode.swift; path = BodyText.swift; sourceTree = "<group>"; };
		6E35644F29080BBF009C73F5 /* FeedView.swift */ = {isa = PBXFileReference; lastKnownFileType = sourcecode.swift; path = FeedView.swift; sourceTree = "<group>"; };
		6E35645129080CF6009C73F5 /* ProfileView.swift */ = {isa = PBXFileReference; lastKnownFileType = sourcecode.swift; path = ProfileView.swift; sourceTree = "<group>"; };
		6E35645329080DF0009C73F5 /* PlayerView.swift */ = {isa = PBXFileReference; lastKnownFileType = sourcecode.swift; path = PlayerView.swift; sourceTree = "<group>"; };
		6E35645529080E0C009C73F5 /* VideoView.swift */ = {isa = PBXFileReference; lastKnownFileType = sourcecode.swift; path = VideoView.swift; sourceTree = "<group>"; };
		6E35645729080E2A009C73F5 /* RecorderView.swift */ = {isa = PBXFileReference; lastKnownFileType = sourcecode.swift; path = RecorderView.swift; sourceTree = "<group>"; };
		6E35645929080FC8009C73F5 /* LoginView.swift */ = {isa = PBXFileReference; lastKnownFileType = sourcecode.swift; path = LoginView.swift; sourceTree = "<group>"; };
		6E35645B29081630009C73F5 /* RoundedCornerShape.swift */ = {isa = PBXFileReference; lastKnownFileType = sourcecode.swift; path = RoundedCornerShape.swift; sourceTree = "<group>"; };
		6E356468290956BC009C73F5 /* Color+.swift */ = {isa = PBXFileReference; lastKnownFileType = sourcecode.swift; path = "Color+.swift"; sourceTree = "<group>"; };
		6E35646A290957FC009C73F5 /* LoginTextField.swift */ = {isa = PBXFileReference; lastKnownFileType = sourcecode.swift; path = LoginTextField.swift; sourceTree = "<group>"; };
/* End PBXFileReference section */

/* Begin PBXFrameworksBuildPhase section */
		6E35643329074EC7009C73F5 /* Frameworks */ = {
			isa = PBXFrameworksBuildPhase;
			buildActionMask = 2147483647;
			files = (
			);
			runOnlyForDeploymentPostprocessing = 0;
		};
/* End PBXFrameworksBuildPhase section */

/* Begin PBXGroup section */
		6E35642D29074EC7009C73F5 = {
			isa = PBXGroup;
			children = (
				6E35643829074EC7009C73F5 /* SwiftUIHW */,
				6E35643729074EC7009C73F5 /* Products */,
			);
			sourceTree = "<group>";
		};
		6E35643729074EC7009C73F5 /* Products */ = {
			isa = PBXGroup;
			children = (
				6E35643629074EC7009C73F5 /* SwiftUIHW.app */,
			);
			name = Products;
			sourceTree = "<group>";
		};
		6E35643829074EC7009C73F5 /* SwiftUIHW */ = {
			isa = PBXGroup;
			children = (
				6E35645D29081642009C73F5 /* Helpers */,
				6E35644E2907FEE7009C73F5 /* Views */,
				6E35644729075156009C73F5 /* Modifiers */,
				6E35643929074EC7009C73F5 /* SwiftUIHWApp.swift */,
				6E35643D29074EC8009C73F5 /* Assets.xcassets */,
				6E35643F29074EC8009C73F5 /* Preview Content */,
			);
			path = SwiftUIHW;
			sourceTree = "<group>";
		};
		6E35643F29074EC8009C73F5 /* Preview Content */ = {
			isa = PBXGroup;
			children = (
				6E35644029074EC8009C73F5 /* Preview Assets.xcassets */,
			);
			path = "Preview Content";
			sourceTree = "<group>";
		};
		6E35644729075156009C73F5 /* Modifiers */ = {
			isa = PBXGroup;
			children = (
				6E3564482907518A009C73F5 /* HeaderText.swift */,
				6E35644C2907FC4A009C73F5 /* BodyText.swift */,
				6E35646A290957FC009C73F5 /* LoginTextField.swift */,
			);
			path = Modifiers;
			sourceTree = "<group>";
		};
		6E35644E2907FEE7009C73F5 /* Views */ = {
			isa = PBXGroup;
			children = (
				6E35643B29074EC7009C73F5 /* ContentView.swift */,
				6E35646029095011009C73F5 /* Feed */,
				6E3564612909501A009C73F5 /* Login */,
				6E35646229095023009C73F5 /* Player */,
				6E3564632909502A009C73F5 /* Profile */,
				6E3564642909503D009C73F5 /* Recorder */,
				6E35646529095044009C73F5 /* Video */,
			);
			path = Views;
			sourceTree = "<group>";
		};
		6E35645D29081642009C73F5 /* Helpers */ = {
			isa = PBXGroup;
			children = (
				6E35644A290752D2009C73F5 /* View+.swift */,
				6E356468290956BC009C73F5 /* Color+.swift */,
				6E35645B29081630009C73F5 /* RoundedCornerShape.swift */,
			);
			path = Helpers;
			sourceTree = "<group>";
		};
		6E35646029095011009C73F5 /* Feed */ = {
			isa = PBXGroup;
			children = (
				6E35644F29080BBF009C73F5 /* FeedView.swift */,
			);
			path = Feed;
			sourceTree = "<group>";
		};
		6E3564612909501A009C73F5 /* Login */ = {
			isa = PBXGroup;
			children = (
				6E35645929080FC8009C73F5 /* LoginView.swift */,
			);
			path = Login;
			sourceTree = "<group>";
		};
		6E35646229095023009C73F5 /* Player */ = {
			isa = PBXGroup;
			children = (
				6E35645329080DF0009C73F5 /* PlayerView.swift */,
			);
			path = Player;
			sourceTree = "<group>";
		};
		6E3564632909502A009C73F5 /* Profile */ = {
			isa = PBXGroup;
			children = (
				6E35645129080CF6009C73F5 /* ProfileView.swift */,
			);
			path = Profile;
			sourceTree = "<group>";
		};
		6E3564642909503D009C73F5 /* Recorder */ = {
			isa = PBXGroup;
			children = (
				6E35645729080E2A009C73F5 /* RecorderView.swift */,
			);
			path = Recorder;
			sourceTree = "<group>";
		};
		6E35646529095044009C73F5 /* Video */ = {
			isa = PBXGroup;
			children = (
				6E35645529080E0C009C73F5 /* VideoView.swift */,
			);
			path = Video;
			sourceTree = "<group>";
		};
/* End PBXGroup section */

/* Begin PBXNativeTarget section */
		6E35643529074EC7009C73F5 /* SwiftUIHW */ = {
			isa = PBXNativeTarget;
			buildConfigurationList = 6E35644429074EC8009C73F5 /* Build configuration list for PBXNativeTarget "SwiftUIHW" */;
			buildPhases = (
				6E35643229074EC7009C73F5 /* Sources */,
				6E35643329074EC7009C73F5 /* Frameworks */,
				6E35643429074EC7009C73F5 /* Resources */,
			);
			buildRules = (
			);
			dependencies = (
			);
			name = SwiftUIHW;
			productName = SwiftUIHW;
			productReference = 6E35643629074EC7009C73F5 /* SwiftUIHW.app */;
			productType = "com.apple.product-type.application";
		};
/* End PBXNativeTarget section */

/* Begin PBXProject section */
		6E35642E29074EC7009C73F5 /* Project object */ = {
			isa = PBXProject;
			attributes = {
				BuildIndependentTargetsInParallel = 1;
				LastSwiftUpdateCheck = 1400;
				LastUpgradeCheck = 1400;
				TargetAttributes = {
					6E35643529074EC7009C73F5 = {
						CreatedOnToolsVersion = 14.0.1;
					};
				};
			};
			buildConfigurationList = 6E35643129074EC7009C73F5 /* Build configuration list for PBXProject "SwiftUIHW" */;
			compatibilityVersion = "Xcode 14.0";
			developmentRegion = en;
			hasScannedForEncodings = 0;
			knownRegions = (
				en,
				Base,
			);
			mainGroup = 6E35642D29074EC7009C73F5;
			productRefGroup = 6E35643729074EC7009C73F5 /* Products */;
			projectDirPath = "";
			projectRoot = "";
			targets = (
				6E35643529074EC7009C73F5 /* SwiftUIHW */,
			);
		};
/* End PBXProject section */

/* Begin PBXResourcesBuildPhase section */
		6E35643429074EC7009C73F5 /* Resources */ = {
			isa = PBXResourcesBuildPhase;
			buildActionMask = 2147483647;
			files = (
				6E35644129074EC8009C73F5 /* Preview Assets.xcassets in Resources */,
				6E35643E29074EC8009C73F5 /* Assets.xcassets in Resources */,
			);
			runOnlyForDeploymentPostprocessing = 0;
		};
/* End PBXResourcesBuildPhase section */

/* Begin PBXSourcesBuildPhase section */
		6E35643229074EC7009C73F5 /* Sources */ = {
			isa = PBXSourcesBuildPhase;
			buildActionMask = 2147483647;
			files = (
				6E35644B290752D2009C73F5 /* View+.swift in Sources */,
				6E35646B290957FC009C73F5 /* LoginTextField.swift in Sources */,
				6E356469290956BC009C73F5 /* Color+.swift in Sources */,
				6E35643C29074EC7009C73F5 /* ContentView.swift in Sources */,
				6E35645C29081630009C73F5 /* RoundedCornerShape.swift in Sources */,
				6E35643A29074EC7009C73F5 /* SwiftUIHWApp.swift in Sources */,
				6E35645429080DF0009C73F5 /* PlayerView.swift in Sources */,
				6E3564492907518A009C73F5 /* HeaderText.swift in Sources */,
				6E35645029080BBF009C73F5 /* FeedView.swift in Sources */,
				6E35645829080E2A009C73F5 /* RecorderView.swift in Sources */,
				6E35645629080E0C009C73F5 /* VideoView.swift in Sources */,
				6E35645A29080FC8009C73F5 /* LoginView.swift in Sources */,
				6E35645229080CF6009C73F5 /* ProfileView.swift in Sources */,
				6E35644D2907FC4A009C73F5 /* BodyText.swift in Sources */,
			);
			runOnlyForDeploymentPostprocessing = 0;
		};
/* End PBXSourcesBuildPhase section */

/* Begin XCBuildConfiguration section */
		6E35644229074EC8009C73F5 /* Debug */ = {
			isa = XCBuildConfiguration;
			buildSettings = {
				ALWAYS_SEARCH_USER_PATHS = NO;
				CLANG_ANALYZER_NONNULL = YES;
				CLANG_ANALYZER_NUMBER_OBJECT_CONVERSION = YES_AGGRESSIVE;
				CLANG_CXX_LANGUAGE_STANDARD = "gnu++20";
				CLANG_ENABLE_MODULES = YES;
				CLANG_ENABLE_OBJC_ARC = YES;
				CLANG_ENABLE_OBJC_WEAK = YES;
				CLANG_WARN_BLOCK_CAPTURE_AUTORELEASING = YES;
				CLANG_WARN_BOOL_CONVERSION = YES;
				CLANG_WARN_COMMA = YES;
				CLANG_WARN_CONSTANT_CONVERSION = YES;
				CLANG_WARN_DEPRECATED_OBJC_IMPLEMENTATIONS = YES;
				CLANG_WARN_DIRECT_OBJC_ISA_USAGE = YES_ERROR;
				CLANG_WARN_DOCUMENTATION_COMMENTS = YES;
				CLANG_WARN_EMPTY_BODY = YES;
				CLANG_WARN_ENUM_CONVERSION = YES;
				CLANG_WARN_INFINITE_RECURSION = YES;
				CLANG_WARN_INT_CONVERSION = YES;
				CLANG_WARN_NON_LITERAL_NULL_CONVERSION = YES;
				CLANG_WARN_OBJC_IMPLICIT_RETAIN_SELF = YES;
				CLANG_WARN_OBJC_LITERAL_CONVERSION = YES;
				CLANG_WARN_OBJC_ROOT_CLASS = YES_ERROR;
				CLANG_WARN_QUOTED_INCLUDE_IN_FRAMEWORK_HEADER = YES;
				CLANG_WARN_RANGE_LOOP_ANALYSIS = YES;
				CLANG_WARN_STRICT_PROTOTYPES = YES;
				CLANG_WARN_SUSPICIOUS_MOVE = YES;
				CLANG_WARN_UNGUARDED_AVAILABILITY = YES_AGGRESSIVE;
				CLANG_WARN_UNREACHABLE_CODE = YES;
				CLANG_WARN__DUPLICATE_METHOD_MATCH = YES;
				COPY_PHASE_STRIP = NO;
				DEBUG_INFORMATION_FORMAT = dwarf;
				ENABLE_STRICT_OBJC_MSGSEND = YES;
				ENABLE_TESTABILITY = YES;
				GCC_C_LANGUAGE_STANDARD = gnu11;
				GCC_DYNAMIC_NO_PIC = NO;
				GCC_NO_COMMON_BLOCKS = YES;
				GCC_OPTIMIZATION_LEVEL = 0;
				GCC_PREPROCESSOR_DEFINITIONS = (
					"DEBUG=1",
					"$(inherited)",
				);
				GCC_WARN_64_TO_32_BIT_CONVERSION = YES;
				GCC_WARN_ABOUT_RETURN_TYPE = YES_ERROR;
				GCC_WARN_UNDECLARED_SELECTOR = YES;
				GCC_WARN_UNINITIALIZED_AUTOS = YES_AGGRESSIVE;
				GCC_WARN_UNUSED_FUNCTION = YES;
				GCC_WARN_UNUSED_VARIABLE = YES;
				IPHONEOS_DEPLOYMENT_TARGET = 16.0;
				MTL_ENABLE_DEBUG_INFO = INCLUDE_SOURCE;
				MTL_FAST_MATH = YES;
				ONLY_ACTIVE_ARCH = YES;
				SDKROOT = iphoneos;
				SWIFT_ACTIVE_COMPILATION_CONDITIONS = DEBUG;
				SWIFT_OPTIMIZATION_LEVEL = "-Onone";
			};
			name = Debug;
		};
		6E35644329074EC8009C73F5 /* Release */ = {
			isa = XCBuildConfiguration;
			buildSettings = {
				ALWAYS_SEARCH_USER_PATHS = NO;
				CLANG_ANALYZER_NONNULL = YES;
				CLANG_ANALYZER_NUMBER_OBJECT_CONVERSION = YES_AGGRESSIVE;
				CLANG_CXX_LANGUAGE_STANDARD = "gnu++20";
				CLANG_ENABLE_MODULES = YES;
				CLANG_ENABLE_OBJC_ARC = YES;
				CLANG_ENABLE_OBJC_WEAK = YES;
				CLANG_WARN_BLOCK_CAPTURE_AUTORELEASING = YES;
				CLANG_WARN_BOOL_CONVERSION = YES;
				CLANG_WARN_COMMA = YES;
				CLANG_WARN_CONSTANT_CONVERSION = YES;
				CLANG_WARN_DEPRECATED_OBJC_IMPLEMENTATIONS = YES;
				CLANG_WARN_DIRECT_OBJC_ISA_USAGE = YES_ERROR;
				CLANG_WARN_DOCUMENTATION_COMMENTS = YES;
				CLANG_WARN_EMPTY_BODY = YES;
				CLANG_WARN_ENUM_CONVERSION = YES;
				CLANG_WARN_INFINITE_RECURSION = YES;
				CLANG_WARN_INT_CONVERSION = YES;
				CLANG_WARN_NON_LITERAL_NULL_CONVERSION = YES;
				CLANG_WARN_OBJC_IMPLICIT_RETAIN_SELF = YES;
				CLANG_WARN_OBJC_LITERAL_CONVERSION = YES;
				CLANG_WARN_OBJC_ROOT_CLASS = YES_ERROR;
				CLANG_WARN_QUOTED_INCLUDE_IN_FRAMEWORK_HEADER = YES;
				CLANG_WARN_RANGE_LOOP_ANALYSIS = YES;
				CLANG_WARN_STRICT_PROTOTYPES = YES;
				CLANG_WARN_SUSPICIOUS_MOVE = YES;
				CLANG_WARN_UNGUARDED_AVAILABILITY = YES_AGGRESSIVE;
				CLANG_WARN_UNREACHABLE_CODE = YES;
				CLANG_WARN__DUPLICATE_METHOD_MATCH = YES;
				COPY_PHASE_STRIP = NO;
				DEBUG_INFORMATION_FORMAT = "dwarf-with-dsym";
				ENABLE_NS_ASSERTIONS = NO;
				ENABLE_STRICT_OBJC_MSGSEND = YES;
				GCC_C_LANGUAGE_STANDARD = gnu11;
				GCC_NO_COMMON_BLOCKS = YES;
				GCC_WARN_64_TO_32_BIT_CONVERSION = YES;
				GCC_WARN_ABOUT_RETURN_TYPE = YES_ERROR;
				GCC_WARN_UNDECLARED_SELECTOR = YES;
				GCC_WARN_UNINITIALIZED_AUTOS = YES_AGGRESSIVE;
				GCC_WARN_UNUSED_FUNCTION = YES;
				GCC_WARN_UNUSED_VARIABLE = YES;
				IPHONEOS_DEPLOYMENT_TARGET = 16.0;
				MTL_ENABLE_DEBUG_INFO = NO;
				MTL_FAST_MATH = YES;
				SDKROOT = iphoneos;
				SWIFT_COMPILATION_MODE = wholemodule;
				SWIFT_OPTIMIZATION_LEVEL = "-O";
				VALIDATE_PRODUCT = YES;
			};
			name = Release;
		};
		6E35644529074EC8009C73F5 /* Debug */ = {
			isa = XCBuildConfiguration;
			buildSettings = {
				ASSETCATALOG_COMPILER_APPICON_NAME = AppIcon;
				ASSETCATALOG_COMPILER_GLOBAL_ACCENT_COLOR_NAME = AccentColor;
				CODE_SIGN_STYLE = Automatic;
				CURRENT_PROJECT_VERSION = 1;
				DEVELOPMENT_ASSET_PATHS = "\"SwiftUIHW/Preview Content\"";
				DEVELOPMENT_TEAM = 5454Z35HY9;
				ENABLE_PREVIEWS = YES;
				GENERATE_INFOPLIST_FILE = YES;
				INFOPLIST_KEY_UIApplicationSceneManifest_Generation = YES;
				INFOPLIST_KEY_UIApplicationSupportsIndirectInputEvents = YES;
				INFOPLIST_KEY_UILaunchScreen_Generation = YES;
				INFOPLIST_KEY_UISupportedInterfaceOrientations_iPad = "UIInterfaceOrientationPortrait UIInterfaceOrientationPortraitUpsideDown UIInterfaceOrientationLandscapeLeft UIInterfaceOrientationLandscapeRight";
				INFOPLIST_KEY_UISupportedInterfaceOrientations_iPhone = "UIInterfaceOrientationPortrait UIInterfaceOrientationLandscapeLeft UIInterfaceOrientationLandscapeRight";
				LD_RUNPATH_SEARCH_PATHS = (
					"$(inherited)",
					"@executable_path/Frameworks",
				);
				MARKETING_VERSION = 1.0;
				PRODUCT_BUNDLE_IDENTIFIER = pB.SwiftUIHW;
				PRODUCT_NAME = "$(TARGET_NAME)";
				SWIFT_EMIT_LOC_STRINGS = YES;
				SWIFT_VERSION = 5.0;
				TARGETED_DEVICE_FAMILY = "1,2";
			};
			name = Debug;
		};
		6E35644629074EC8009C73F5 /* Release */ = {
			isa = XCBuildConfiguration;
			buildSettings = {
				ASSETCATALOG_COMPILER_APPICON_NAME = AppIcon;
				ASSETCATALOG_COMPILER_GLOBAL_ACCENT_COLOR_NAME = AccentColor;
				CODE_SIGN_STYLE = Automatic;
				CURRENT_PROJECT_VERSION = 1;
				DEVELOPMENT_ASSET_PATHS = "\"SwiftUIHW/Preview Content\"";
				DEVELOPMENT_TEAM = 5454Z35HY9;
				ENABLE_PREVIEWS = YES;
				GENERATE_INFOPLIST_FILE = YES;
				INFOPLIST_KEY_UIApplicationSceneManifest_Generation = YES;
				INFOPLIST_KEY_UIApplicationSupportsIndirectInputEvents = YES;
				INFOPLIST_KEY_UILaunchScreen_Generation = YES;
				INFOPLIST_KEY_UISupportedInterfaceOrientations_iPad = "UIInterfaceOrientationPortrait UIInterfaceOrientationPortraitUpsideDown UIInterfaceOrientationLandscapeLeft UIInterfaceOrientationLandscapeRight";
				INFOPLIST_KEY_UISupportedInterfaceOrientations_iPhone = "UIInterfaceOrientationPortrait UIInterfaceOrientationLandscapeLeft UIInterfaceOrientationLandscapeRight";
				LD_RUNPATH_SEARCH_PATHS = (
					"$(inherited)",
					"@executable_path/Frameworks",
				);
				MARKETING_VERSION = 1.0;
				PRODUCT_BUNDLE_IDENTIFIER = pB.SwiftUIHW;
				PRODUCT_NAME = "$(TARGET_NAME)";
				SWIFT_EMIT_LOC_STRINGS = YES;
				SWIFT_VERSION = 5.0;
				TARGETED_DEVICE_FAMILY = "1,2";
			};
			name = Release;
		};
/* End XCBuildConfiguration section */

/* Begin XCConfigurationList section */
		6E35643129074EC7009C73F5 /* Build configuration list for PBXProject "SwiftUIHW" */ = {
			isa = XCConfigurationList;
			buildConfigurations = (
				6E35644229074EC8009C73F5 /* Debug */,
				6E35644329074EC8009C73F5 /* Release */,
			);
			defaultConfigurationIsVisible = 0;
			defaultConfigurationName = Release;
		};
		6E35644429074EC8009C73F5 /* Build configuration list for PBXNativeTarget "SwiftUIHW" */ = {
			isa = XCConfigurationList;
			buildConfigurations = (
				6E35644529074EC8009C73F5 /* Debug */,
				6E35644629074EC8009C73F5 /* Release */,
			);
			defaultConfigurationIsVisible = 0;
			defaultConfigurationName = Release;
		};
/* End XCConfigurationList section */
	};
	rootObject = 6E35642E29074EC7009C73F5 /* Project object */;
}
